// !$*UTF8*$!
{
	archiveVersion = 1;
	classes = {
	};
	objectVersion = 46;
	objects = {

/* Begin PBXBuildFile section */
		2BFD188844461A94EBE468E7 /* Pods_snschat.framework in Frameworks */ = {isa = PBXBuildFile; fileRef = 1D521CE5AF8891F6335E9A3F /* Pods_snschat.framework */; settings = {ATTRIBUTES = (Weak, ); }; };
		52184F8E1AD3DA84009E7F7D /* ChatBubble.swift in Sources */ = {isa = PBXBuildFile; fileRef = 52184F8D1AD3DA84009E7F7D /* ChatBubble.swift */; };
		52184F901AD3DD91009E7F7D /* Message.swift in Sources */ = {isa = PBXBuildFile; fileRef = 52184F8F1AD3DD91009E7F7D /* Message.swift */; };
		524A0C651AE90A95001CD22D /* AlertHelper.swift in Sources */ = {isa = PBXBuildFile; fileRef = 524A0C641AE90A95001CD22D /* AlertHelper.swift */; };
		5265504B1ABADD0C007C7CA3 /* WachtwoordWijzigenController.swift in Sources */ = {isa = PBXBuildFile; fileRef = 5265504A1ABADD0C007C7CA3 /* WachtwoordWijzigenController.swift */; };
		5265504D1ABAEBCC007C7CA3 /* ChatAanmakenController.swift in Sources */ = {isa = PBXBuildFile; fileRef = 5265504C1ABAEBCC007C7CA3 /* ChatAanmakenController.swift */; };
		5265504F1ABAF0D9007C7CA3 /* FAQController.swift in Sources */ = {isa = PBXBuildFile; fileRef = 5265504E1ABAF0D9007C7CA3 /* FAQController.swift */; };
		526550561ABAFDC0007C7CA3 /* ChatCell.swift in Sources */ = {isa = PBXBuildFile; fileRef = 526550541ABAFDC0007C7CA3 /* ChatCell.swift */; };
		526550571ABAFDC0007C7CA3 /* ChatCell.xib in Resources */ = {isa = PBXBuildFile; fileRef = 526550551ABAFDC0007C7CA3 /* ChatCell.xib */; };
		526864511AB2EA4B00166FF4 /* WachtwoordVergetenController.swift in Sources */ = {isa = PBXBuildFile; fileRef = 526864501AB2EA4B00166FF4 /* WachtwoordVergetenController.swift */; };
		526864531AB2F09200166FF4 /* ChatsController.swift in Sources */ = {isa = PBXBuildFile; fileRef = 526864521AB2F09200166FF4 /* ChatsController.swift */; };
		526864541AB2F24D00166FF4 /* Main.storyboard in Resources */ = {isa = PBXBuildFile; fileRef = 52E086361AB197CC00419BB2 /* Main.storyboard */; };
		5268AEE91AE8D50900C4BEE5 /* User.swift in Sources */ = {isa = PBXBuildFile; fileRef = 5268AEE81AE8D50900C4BEE5 /* User.swift */; };
		5268AEEB1AE8E91C00C4BEE5 /* Reachability.swift in Sources */ = {isa = PBXBuildFile; fileRef = 5268AEEA1AE8E91C00C4BEE5 /* Reachability.swift */; };
		52E086331AB197CC00419BB2 /* AppDelegate.swift in Sources */ = {isa = PBXBuildFile; fileRef = 52E086321AB197CC00419BB2 /* AppDelegate.swift */; };
		52E086351AB197CC00419BB2 /* LoginController.swift in Sources */ = {isa = PBXBuildFile; fileRef = 52E086341AB197CC00419BB2 /* LoginController.swift */; };
		52E0863A1AB197CC00419BB2 /* Images.xcassets in Resources */ = {isa = PBXBuildFile; fileRef = 52E086391AB197CC00419BB2 /* Images.xcassets */; };
		52E0863D1AB197CC00419BB2 /* LaunchScreen.xib in Resources */ = {isa = PBXBuildFile; fileRef = 52E0863B1AB197CC00419BB2 /* LaunchScreen.xib */; };
		52E086491AB197CC00419BB2 /* snschatTests.swift in Sources */ = {isa = PBXBuildFile; fileRef = 52E086481AB197CC00419BB2 /* snschatTests.swift */; };
		52E086531AB1DBBE00419BB2 /* RegistrerenController.swift in Sources */ = {isa = PBXBuildFile; fileRef = 52E086521AB1DBBE00419BB2 /* RegistrerenController.swift */; };
		52FA2FC71AB32A7F00DF3B98 /* Chat.swift in Sources */ = {isa = PBXBuildFile; fileRef = 52FA2FC61AB32A7F00DF3B98 /* Chat.swift */; };
		CE3089091AEA73D700513566 /* GetRequest.swift in Sources */ = {isa = PBXBuildFile; fileRef = CE3089061AEA73D700513566 /* GetRequest.swift */; };
		CE30890A1AEA73D700513566 /* HttpsendRequest.swift in Sources */ = {isa = PBXBuildFile; fileRef = CE3089071AEA73D700513566 /* HttpsendRequest.swift */; };
		CE30890B1AEA73D700513566 /* PostRequest.swift in Sources */ = {isa = PBXBuildFile; fileRef = CE3089081AEA73D700513566 /* PostRequest.swift */; };
		CE30890D1AEA73ED00513566 /* JSONParser.swift in Sources */ = {isa = PBXBuildFile; fileRef = CE30890C1AEA73ED00513566 /* JSONParser.swift */; };
		CEA371951AB9D3FD00A84CA6 /* Default-568h@2x.png in Resources */ = {isa = PBXBuildFile; fileRef = CEA371941AB9D3FD00A84CA6 /* Default-568h@2x.png */; };
		EC0CFFE61ABC545700E264AE /* CategorieController.swift in Sources */ = {isa = PBXBuildFile; fileRef = EC0CFFE51ABC545700E264AE /* CategorieController.swift */; };
		EC0CFFE81ABC5FBC00E264AE /* SubcategorieController.swift in Sources */ = {isa = PBXBuildFile; fileRef = EC0CFFE71ABC5FBC00E264AE /* SubcategorieController.swift */; };
		EC0CFFEA1ABC669D00E264AE /* ChatController.swift in Sources */ = {isa = PBXBuildFile; fileRef = EC0CFFE91ABC669D00E264AE /* ChatController.swift */; };
		F371D2461AEB0CE600E85BDF /* Room.swift in Sources */ = {isa = PBXBuildFile; fileRef = F371D2451AEB0CE600E85BDF /* Room.swift */; };
/* End PBXBuildFile section */

/* Begin PBXContainerItemProxy section */
		52E086431AB197CC00419BB2 /* PBXContainerItemProxy */ = {
			isa = PBXContainerItemProxy;
			containerPortal = 52E086251AB197CB00419BB2 /* Project object */;
			proxyType = 1;
			remoteGlobalIDString = 52E0862C1AB197CB00419BB2;
			remoteInfo = snschat;
		};
/* End PBXContainerItemProxy section */

/* Begin PBXFileReference section */
		1D521CE5AF8891F6335E9A3F /* Pods_snschat.framework */ = {isa = PBXFileReference; explicitFileType = wrapper.framework; includeInIndex = 0; path = Pods_snschat.framework; sourceTree = BUILT_PRODUCTS_DIR; };
		52184F8D1AD3DA84009E7F7D /* ChatBubble.swift */ = {isa = PBXFileReference; fileEncoding = 4; lastKnownFileType = sourcecode.swift; path = ChatBubble.swift; sourceTree = "<group>"; };
		52184F8F1AD3DD91009E7F7D /* Message.swift */ = {isa = PBXFileReference; fileEncoding = 4; lastKnownFileType = sourcecode.swift; path = Message.swift; sourceTree = "<group>"; };
		524A0C641AE90A95001CD22D /* AlertHelper.swift */ = {isa = PBXFileReference; fileEncoding = 4; lastKnownFileType = sourcecode.swift; path = AlertHelper.swift; sourceTree = "<group>"; };
		5265504A1ABADD0C007C7CA3 /* WachtwoordWijzigenController.swift */ = {isa = PBXFileReference; fileEncoding = 4; lastKnownFileType = sourcecode.swift; path = WachtwoordWijzigenController.swift; sourceTree = "<group>"; };
		5265504C1ABAEBCC007C7CA3 /* ChatAanmakenController.swift */ = {isa = PBXFileReference; fileEncoding = 4; lastKnownFileType = sourcecode.swift; path = ChatAanmakenController.swift; sourceTree = "<group>"; };
		5265504E1ABAF0D9007C7CA3 /* FAQController.swift */ = {isa = PBXFileReference; fileEncoding = 4; lastKnownFileType = sourcecode.swift; path = FAQController.swift; sourceTree = "<group>"; };
		526550541ABAFDC0007C7CA3 /* ChatCell.swift */ = {isa = PBXFileReference; fileEncoding = 4; lastKnownFileType = sourcecode.swift; name = ChatCell.swift; path = ../ChatCell.swift; sourceTree = "<group>"; };
		526550551ABAFDC0007C7CA3 /* ChatCell.xib */ = {isa = PBXFileReference; fileEncoding = 4; lastKnownFileType = file.xib; name = ChatCell.xib; path = ../ChatCell.xib; sourceTree = "<group>"; };
		526864501AB2EA4B00166FF4 /* WachtwoordVergetenController.swift */ = {isa = PBXFileReference; fileEncoding = 4; lastKnownFileType = sourcecode.swift; path = WachtwoordVergetenController.swift; sourceTree = "<group>"; };
		526864521AB2F09200166FF4 /* ChatsController.swift */ = {isa = PBXFileReference; fileEncoding = 4; lastKnownFileType = sourcecode.swift; path = ChatsController.swift; sourceTree = "<group>"; };
		5268AEE81AE8D50900C4BEE5 /* User.swift */ = {isa = PBXFileReference; fileEncoding = 4; lastKnownFileType = sourcecode.swift; path = User.swift; sourceTree = "<group>"; };
		5268AEEA1AE8E91C00C4BEE5 /* Reachability.swift */ = {isa = PBXFileReference; fileEncoding = 4; lastKnownFileType = sourcecode.swift; path = Reachability.swift; sourceTree = "<group>"; };
		52E0862D1AB197CC00419BB2 /* snschat.app */ = {isa = PBXFileReference; explicitFileType = wrapper.application; includeInIndex = 0; path = snschat.app; sourceTree = BUILT_PRODUCTS_DIR; };
		52E086311AB197CC00419BB2 /* Info.plist */ = {isa = PBXFileReference; lastKnownFileType = text.plist.xml; path = Info.plist; sourceTree = "<group>"; };
		52E086321AB197CC00419BB2 /* AppDelegate.swift */ = {isa = PBXFileReference; lastKnownFileType = sourcecode.swift; path = AppDelegate.swift; sourceTree = "<group>"; };
		52E086341AB197CC00419BB2 /* LoginController.swift */ = {isa = PBXFileReference; lastKnownFileType = sourcecode.swift; path = LoginController.swift; sourceTree = "<group>"; };
		52E086371AB197CC00419BB2 /* Base */ = {isa = PBXFileReference; lastKnownFileType = file.storyboard; name = Base; path = Base.lproj/Main.storyboard; sourceTree = "<group>"; };
		52E086391AB197CC00419BB2 /* Images.xcassets */ = {isa = PBXFileReference; lastKnownFileType = folder.assetcatalog; path = Images.xcassets; sourceTree = "<group>"; };
		52E0863C1AB197CC00419BB2 /* Base */ = {isa = PBXFileReference; lastKnownFileType = file.xib; name = Base; path = Base.lproj/LaunchScreen.xib; sourceTree = "<group>"; };
		52E086421AB197CC00419BB2 /* snschatTests.xctest */ = {isa = PBXFileReference; explicitFileType = wrapper.cfbundle; includeInIndex = 0; path = snschatTests.xctest; sourceTree = BUILT_PRODUCTS_DIR; };
		52E086471AB197CC00419BB2 /* Info.plist */ = {isa = PBXFileReference; lastKnownFileType = text.plist.xml; path = Info.plist; sourceTree = "<group>"; };
		52E086481AB197CC00419BB2 /* snschatTests.swift */ = {isa = PBXFileReference; lastKnownFileType = sourcecode.swift; path = snschatTests.swift; sourceTree = "<group>"; };
		52E086521AB1DBBE00419BB2 /* RegistrerenController.swift */ = {isa = PBXFileReference; fileEncoding = 4; lastKnownFileType = sourcecode.swift; path = RegistrerenController.swift; sourceTree = "<group>"; };
		52FA2FC61AB32A7F00DF3B98 /* Chat.swift */ = {isa = PBXFileReference; fileEncoding = 4; lastKnownFileType = sourcecode.swift; path = Chat.swift; sourceTree = "<group>"; };
		7418B6B78800AB9359E0AA68 /* Pods-snschat.release.xcconfig */ = {isa = PBXFileReference; includeInIndex = 1; lastKnownFileType = text.xcconfig; name = "Pods-snschat.release.xcconfig"; path = "Pods/Target Support Files/Pods-snschat/Pods-snschat.release.xcconfig"; sourceTree = "<group>"; };
		91EE125091CBAF59E389F5AE /* Pods-snschat.debug.xcconfig */ = {isa = PBXFileReference; includeInIndex = 1; lastKnownFileType = text.xcconfig; name = "Pods-snschat.debug.xcconfig"; path = "Pods/Target Support Files/Pods-snschat/Pods-snschat.debug.xcconfig"; sourceTree = "<group>"; };
		CE3089061AEA73D700513566 /* GetRequest.swift */ = {isa = PBXFileReference; fileEncoding = 4; lastKnownFileType = sourcecode.swift; path = GetRequest.swift; sourceTree = "<group>"; };
		CE3089071AEA73D700513566 /* HttpsendRequest.swift */ = {isa = PBXFileReference; fileEncoding = 4; lastKnownFileType = sourcecode.swift; path = HttpsendRequest.swift; sourceTree = "<group>"; };
		CE3089081AEA73D700513566 /* PostRequest.swift */ = {isa = PBXFileReference; fileEncoding = 4; lastKnownFileType = sourcecode.swift; path = PostRequest.swift; sourceTree = "<group>"; };
		CE30890C1AEA73ED00513566 /* JSONParser.swift */ = {isa = PBXFileReference; fileEncoding = 4; lastKnownFileType = sourcecode.swift; path = JSONParser.swift; sourceTree = "<group>"; };
		CEA371941AB9D3FD00A84CA6 /* Default-568h@2x.png */ = {isa = PBXFileReference; lastKnownFileType = image.png; path = "Default-568h@2x.png"; sourceTree = "<group>"; };
		EC0CFFE51ABC545700E264AE /* CategorieController.swift */ = {isa = PBXFileReference; fileEncoding = 4; lastKnownFileType = sourcecode.swift; path = CategorieController.swift; sourceTree = "<group>"; };
		EC0CFFE71ABC5FBC00E264AE /* SubcategorieController.swift */ = {isa = PBXFileReference; fileEncoding = 4; lastKnownFileType = sourcecode.swift; path = SubcategorieController.swift; sourceTree = "<group>"; };
		EC0CFFE91ABC669D00E264AE /* ChatController.swift */ = {isa = PBXFileReference; fileEncoding = 4; lastKnownFileType = sourcecode.swift; path = ChatController.swift; sourceTree = "<group>"; };
		F371D2451AEB0CE600E85BDF /* Room.swift */ = {isa = PBXFileReference; fileEncoding = 4; lastKnownFileType = sourcecode.swift; path = Room.swift; sourceTree = "<group>"; };
/* End PBXFileReference section */

/* Begin PBXFrameworksBuildPhase section */
		52E0862A1AB197CB00419BB2 /* Frameworks */ = {
			isa = PBXFrameworksBuildPhase;
			buildActionMask = 2147483647;
			files = (
				2BFD188844461A94EBE468E7 /* Pods_snschat.framework in Frameworks */,
			);
			runOnlyForDeploymentPostprocessing = 0;
		};
		52E0863F1AB197CC00419BB2 /* Frameworks */ = {
			isa = PBXFrameworksBuildPhase;
			buildActionMask = 2147483647;
			files = (
			);
			runOnlyForDeploymentPostprocessing = 0;
		};
/* End PBXFrameworksBuildPhase section */

/* Begin PBXGroup section */
		2EE94F8200694CB90BF86F8B /* Frameworks */ = {
			isa = PBXGroup;
			children = (
				1D521CE5AF8891F6335E9A3F /* Pods_snschat.framework */,
			);
			name = Frameworks;
			sourceTree = "<group>";
		};
		5268AEE71AE8D4EB00C4BEE5 /* model */ = {
			isa = PBXGroup;
			children = (
				52184F8F1AD3DD91009E7F7D /* Message.swift */,
				5268AEE81AE8D50900C4BEE5 /* User.swift */,
				5268AEEA1AE8E91C00C4BEE5 /* Reachability.swift */,
				F371D2451AEB0CE600E85BDF /* Room.swift */,
			);
			name = model;
			sourceTree = "<group>";
		};
		52E086241AB197CB00419BB2 = {
			isa = PBXGroup;
			children = (
				52E0862F1AB197CC00419BB2 /* snschat */,
				52E086451AB197CC00419BB2 /* snschatTests */,
				52E0862E1AB197CC00419BB2 /* Products */,
				58C94D84AC772A24EE07F8DF /* Pods */,
				2EE94F8200694CB90BF86F8B /* Frameworks */,
			);
			sourceTree = "<group>";
		};
		52E0862E1AB197CC00419BB2 /* Products */ = {
			isa = PBXGroup;
			children = (
				52E0862D1AB197CC00419BB2 /* snschat.app */,
				52E086421AB197CC00419BB2 /* snschatTests.xctest */,
			);
			name = Products;
			sourceTree = "<group>";
		};
		52E0862F1AB197CC00419BB2 /* snschat */ = {
			isa = PBXGroup;
			children = (
				ECA8C1711AEA68A000A8CD46 /* JSON Helpers */,
				ECA8C16A1AEA686700A8CD46 /* Communication */,
				5268AEE71AE8D4EB00C4BEE5 /* model */,
				526550541ABAFDC0007C7CA3 /* ChatCell.swift */,
				526550551ABAFDC0007C7CA3 /* ChatCell.xib */,
				CEA371941AB9D3FD00A84CA6 /* Default-568h@2x.png */,
				52E086321AB197CC00419BB2 /* AppDelegate.swift */,
				52E086341AB197CC00419BB2 /* LoginController.swift */,
				52E086361AB197CC00419BB2 /* Main.storyboard */,
				52E086391AB197CC00419BB2 /* Images.xcassets */,
				52E0863B1AB197CC00419BB2 /* LaunchScreen.xib */,
				52E086301AB197CC00419BB2 /* Supporting Files */,
				52E086521AB1DBBE00419BB2 /* RegistrerenController.swift */,
				526864501AB2EA4B00166FF4 /* WachtwoordVergetenController.swift */,
				526864521AB2F09200166FF4 /* ChatsController.swift */,
				52FA2FC61AB32A7F00DF3B98 /* Chat.swift */,
				5265504A1ABADD0C007C7CA3 /* WachtwoordWijzigenController.swift */,
				5265504C1ABAEBCC007C7CA3 /* ChatAanmakenController.swift */,
				5265504E1ABAF0D9007C7CA3 /* FAQController.swift */,
				EC0CFFE51ABC545700E264AE /* CategorieController.swift */,
				EC0CFFE71ABC5FBC00E264AE /* SubcategorieController.swift */,
				EC0CFFE91ABC669D00E264AE /* ChatController.swift */,
				52184F8D1AD3DA84009E7F7D /* ChatBubble.swift */,
				524A0C641AE90A95001CD22D /* AlertHelper.swift */,
			);
			path = snschat;
			sourceTree = "<group>";
		};
		52E086301AB197CC00419BB2 /* Supporting Files */ = {
			isa = PBXGroup;
			children = (
				52E086311AB197CC00419BB2 /* Info.plist */,
			);
			name = "Supporting Files";
			sourceTree = "<group>";
		};
		52E086451AB197CC00419BB2 /* snschatTests */ = {
			isa = PBXGroup;
			children = (
				52E086481AB197CC00419BB2 /* snschatTests.swift */,
				52E086461AB197CC00419BB2 /* Supporting Files */,
			);
			path = snschatTests;
			sourceTree = "<group>";
		};
		52E086461AB197CC00419BB2 /* Supporting Files */ = {
			isa = PBXGroup;
			children = (
				52E086471AB197CC00419BB2 /* Info.plist */,
			);
			name = "Supporting Files";
			sourceTree = "<group>";
		};
		58C94D84AC772A24EE07F8DF /* Pods */ = {
			isa = PBXGroup;
			children = (
				91EE125091CBAF59E389F5AE /* Pods-snschat.debug.xcconfig */,
				7418B6B78800AB9359E0AA68 /* Pods-snschat.release.xcconfig */,
			);
			name = Pods;
			sourceTree = "<group>";
		};
		ECA8C16A1AEA686700A8CD46 /* Communication */ = {
			isa = PBXGroup;
			children = (
				CE3089061AEA73D700513566 /* GetRequest.swift */,
				CE3089071AEA73D700513566 /* HttpsendRequest.swift */,
				CE3089081AEA73D700513566 /* PostRequest.swift */,
			);
			name = Communication;
			sourceTree = "<group>";
		};
		ECA8C1711AEA68A000A8CD46 /* JSON Helpers */ = {
			isa = PBXGroup;
			children = (
				CE30890C1AEA73ED00513566 /* JSONParser.swift */,
			);
			name = "JSON Helpers";
			sourceTree = "<group>";
		};
/* End PBXGroup section */

/* Begin PBXNativeTarget section */
		52E0862C1AB197CB00419BB2 /* snschat */ = {
			isa = PBXNativeTarget;
			buildConfigurationList = 52E0864C1AB197CC00419BB2 /* Build configuration list for PBXNativeTarget "snschat" */;
			buildPhases = (
				2FBB6AC681C61A51744BF025 /* Check Pods Manifest.lock */,
				52E086291AB197CB00419BB2 /* Sources */,
				52E0862A1AB197CB00419BB2 /* Frameworks */,
				52E0862B1AB197CB00419BB2 /* Resources */,
				6B3F1D40382654D1A7D19BF8 /* Embed Pods Frameworks */,
				75E521692DC70B625D32E59A /* Copy Pods Resources */,
			);
			buildRules = (
			);
			dependencies = (
			);
			name = snschat;
			productName = snschat;
			productReference = 52E0862D1AB197CC00419BB2 /* snschat.app */;
			productType = "com.apple.product-type.application";
		};
		52E086411AB197CC00419BB2 /* snschatTests */ = {
			isa = PBXNativeTarget;
			buildConfigurationList = 52E0864F1AB197CC00419BB2 /* Build configuration list for PBXNativeTarget "snschatTests" */;
			buildPhases = (
				52E0863E1AB197CC00419BB2 /* Sources */,
				52E0863F1AB197CC00419BB2 /* Frameworks */,
				52E086401AB197CC00419BB2 /* Resources */,
			);
			buildRules = (
			);
			dependencies = (
				52E086441AB197CC00419BB2 /* PBXTargetDependency */,
			);
			name = snschatTests;
			productName = snschatTests;
			productReference = 52E086421AB197CC00419BB2 /* snschatTests.xctest */;
			productType = "com.apple.product-type.bundle.unit-test";
		};
/* End PBXNativeTarget section */

/* Begin PBXProject section */
		52E086251AB197CB00419BB2 /* Project object */ = {
			isa = PBXProject;
			attributes = {
				LastUpgradeCheck = 0620;
				ORGANIZATIONNAME = nl.avans;
				TargetAttributes = {
					52E0862C1AB197CB00419BB2 = {
						CreatedOnToolsVersion = 6.2;
						DevelopmentTeam = 37HYQWCA73;
					};
					52E086411AB197CC00419BB2 = {
						CreatedOnToolsVersion = 6.2;
						TestTargetID = 52E0862C1AB197CB00419BB2;
					};
				};
			};
			buildConfigurationList = 52E086281AB197CB00419BB2 /* Build configuration list for PBXProject "snschat" */;
			compatibilityVersion = "Xcode 3.2";
			developmentRegion = English;
			hasScannedForEncodings = 0;
			knownRegions = (
				en,
				Base,
			);
			mainGroup = 52E086241AB197CB00419BB2;
			productRefGroup = 52E0862E1AB197CC00419BB2 /* Products */;
			projectDirPath = "";
			projectRoot = "";
			targets = (
				52E0862C1AB197CB00419BB2 /* snschat */,
				52E086411AB197CC00419BB2 /* snschatTests */,
			);
		};
/* End PBXProject section */

/* Begin PBXResourcesBuildPhase section */
		52E0862B1AB197CB00419BB2 /* Resources */ = {
			isa = PBXResourcesBuildPhase;
			buildActionMask = 2147483647;
			files = (
				52E0863D1AB197CC00419BB2 /* LaunchScreen.xib in Resources */,
				CEA371951AB9D3FD00A84CA6 /* Default-568h@2x.png in Resources */,
				526550571ABAFDC0007C7CA3 /* ChatCell.xib in Resources */,
				52E0863A1AB197CC00419BB2 /* Images.xcassets in Resources */,
				526864541AB2F24D00166FF4 /* Main.storyboard in Resources */,
			);
			runOnlyForDeploymentPostprocessing = 0;
		};
		52E086401AB197CC00419BB2 /* Resources */ = {
			isa = PBXResourcesBuildPhase;
			buildActionMask = 2147483647;
			files = (
			);
			runOnlyForDeploymentPostprocessing = 0;
		};
/* End PBXResourcesBuildPhase section */

/* Begin PBXShellScriptBuildPhase section */
		2FBB6AC681C61A51744BF025 /* Check Pods Manifest.lock */ = {
			isa = PBXShellScriptBuildPhase;
			buildActionMask = 2147483647;
			files = (
			);
			inputPaths = (
			);
			name = "Check Pods Manifest.lock";
			outputPaths = (
			);
			runOnlyForDeploymentPostprocessing = 0;
			shellPath = /bin/sh;
			shellScript = "diff \"${PODS_ROOT}/../Podfile.lock\" \"${PODS_ROOT}/Manifest.lock\" > /dev/null\nif [[ $? != 0 ]] ; then\n    cat << EOM\nerror: The sandbox is not in sync with the Podfile.lock. Run 'pod install' or update your CocoaPods installation.\nEOM\n    exit 1\nfi\n";
			showEnvVarsInLog = 0;
		};
		6B3F1D40382654D1A7D19BF8 /* Embed Pods Frameworks */ = {
			isa = PBXShellScriptBuildPhase;
			buildActionMask = 2147483647;
			files = (
			);
			inputPaths = (
			);
			name = "Embed Pods Frameworks";
			outputPaths = (
			);
			runOnlyForDeploymentPostprocessing = 0;
			shellPath = /bin/sh;
			shellScript = "\"${SRCROOT}/Pods/Target Support Files/Pods-snschat/Pods-snschat-frameworks.sh\"\n";
			showEnvVarsInLog = 0;
		};
		75E521692DC70B625D32E59A /* Copy Pods Resources */ = {
			isa = PBXShellScriptBuildPhase;
			buildActionMask = 2147483647;
			files = (
			);
			inputPaths = (
			);
			name = "Copy Pods Resources";
			outputPaths = (
			);
			runOnlyForDeploymentPostprocessing = 0;
			shellPath = /bin/sh;
			shellScript = "\"${SRCROOT}/Pods/Target Support Files/Pods-snschat/Pods-snschat-resources.sh\"\n";
			showEnvVarsInLog = 0;
		};
/* End PBXShellScriptBuildPhase section */

/* Begin PBXSourcesBuildPhase section */
		52E086291AB197CB00419BB2 /* Sources */ = {
			isa = PBXSourcesBuildPhase;
			buildActionMask = 2147483647;
			files = (
				52E086351AB197CC00419BB2 /* LoginController.swift in Sources */,
				52FA2FC71AB32A7F00DF3B98 /* Chat.swift in Sources */,
				CE30890A1AEA73D700513566 /* HttpsendRequest.swift in Sources */,
				52E086531AB1DBBE00419BB2 /* RegistrerenController.swift in Sources */,
				526550561ABAFDC0007C7CA3 /* ChatCell.swift in Sources */,
				5268AEE91AE8D50900C4BEE5 /* User.swift in Sources */,
				CE3089091AEA73D700513566 /* GetRequest.swift in Sources */,
				52E086331AB197CC00419BB2 /* AppDelegate.swift in Sources */,
				524A0C651AE90A95001CD22D /* AlertHelper.swift in Sources */,
				5265504B1ABADD0C007C7CA3 /* WachtwoordWijzigenController.swift in Sources */,
				526864511AB2EA4B00166FF4 /* WachtwoordVergetenController.swift in Sources */,
				CE30890B1AEA73D700513566 /* PostRequest.swift in Sources */,
				F371D2461AEB0CE600E85BDF /* Room.swift in Sources */,
				EC0CFFEA1ABC669D00E264AE /* ChatController.swift in Sources */,
				52184F8E1AD3DA84009E7F7D /* ChatBubble.swift in Sources */,
				CE30890D1AEA73ED00513566 /* JSONParser.swift in Sources */,
				526864531AB2F09200166FF4 /* ChatsController.swift in Sources */,
				5268AEEB1AE8E91C00C4BEE5 /* Reachability.swift in Sources */,
				EC0CFFE81ABC5FBC00E264AE /* SubcategorieController.swift in Sources */,
				5265504D1ABAEBCC007C7CA3 /* ChatAanmakenController.swift in Sources */,
				EC0CFFE61ABC545700E264AE /* CategorieController.swift in Sources */,
				52184F901AD3DD91009E7F7D /* Message.swift in Sources */,
				5265504F1ABAF0D9007C7CA3 /* FAQController.swift in Sources */,
			);
			runOnlyForDeploymentPostprocessing = 0;
		};
		52E0863E1AB197CC00419BB2 /* Sources */ = {
			isa = PBXSourcesBuildPhase;
			buildActionMask = 2147483647;
			files = (
				52E086491AB197CC00419BB2 /* snschatTests.swift in Sources */,
			);
			runOnlyForDeploymentPostprocessing = 0;
		};
/* End PBXSourcesBuildPhase section */

/* Begin PBXTargetDependency section */
		52E086441AB197CC00419BB2 /* PBXTargetDependency */ = {
			isa = PBXTargetDependency;
			target = 52E0862C1AB197CB00419BB2 /* snschat */;
			targetProxy = 52E086431AB197CC00419BB2 /* PBXContainerItemProxy */;
		};
/* End PBXTargetDependency section */

/* Begin PBXVariantGroup section */
		52E086361AB197CC00419BB2 /* Main.storyboard */ = {
			isa = PBXVariantGroup;
			children = (
				52E086371AB197CC00419BB2 /* Base */,
			);
			name = Main.storyboard;
			sourceTree = "<group>";
		};
		52E0863B1AB197CC00419BB2 /* LaunchScreen.xib */ = {
			isa = PBXVariantGroup;
			children = (
				52E0863C1AB197CC00419BB2 /* Base */,
			);
			name = LaunchScreen.xib;
			sourceTree = "<group>";
		};
/* End PBXVariantGroup section */

/* Begin XCBuildConfiguration section */
		52E0864A1AB197CC00419BB2 /* Debug */ = {
			isa = XCBuildConfiguration;
			buildSettings = {
				ALWAYS_SEARCH_USER_PATHS = NO;
				CLANG_CXX_LANGUAGE_STANDARD = "gnu++0x";
				CLANG_CXX_LIBRARY = "libc++";
				CLANG_ENABLE_MODULES = YES;
				CLANG_ENABLE_OBJC_ARC = YES;
				CLANG_WARN_BOOL_CONVERSION = YES;
				CLANG_WARN_CONSTANT_CONVERSION = YES;
				CLANG_WARN_DIRECT_OBJC_ISA_USAGE = YES_ERROR;
				CLANG_WARN_EMPTY_BODY = YES;
				CLANG_WARN_ENUM_CONVERSION = YES;
				CLANG_WARN_INT_CONVERSION = YES;
				CLANG_WARN_OBJC_ROOT_CLASS = YES_ERROR;
				CLANG_WARN_UNREACHABLE_CODE = YES;
				CLANG_WARN__DUPLICATE_METHOD_MATCH = YES;
				"CODE_SIGN_IDENTITY[sdk=iphoneos*]" = "iPhone Developer";
				COPY_PHASE_STRIP = NO;
				ENABLE_STRICT_OBJC_MSGSEND = YES;
				GCC_C_LANGUAGE_STANDARD = gnu99;
				GCC_DYNAMIC_NO_PIC = NO;
				GCC_OPTIMIZATION_LEVEL = 0;
				GCC_PREPROCESSOR_DEFINITIONS = (
					"DEBUG=1",
					"$(inherited)",
				);
				GCC_SYMBOLS_PRIVATE_EXTERN = NO;
				GCC_WARN_64_TO_32_BIT_CONVERSION = YES;
				GCC_WARN_ABOUT_RETURN_TYPE = YES_ERROR;
				GCC_WARN_UNDECLARED_SELECTOR = YES;
				GCC_WARN_UNINITIALIZED_AUTOS = YES_AGGRESSIVE;
				GCC_WARN_UNUSED_FUNCTION = YES;
				GCC_WARN_UNUSED_VARIABLE = YES;
				IPHONEOS_DEPLOYMENT_TARGET = 8.2;
				MTL_ENABLE_DEBUG_INFO = YES;
				ONLY_ACTIVE_ARCH = YES;
				SDKROOT = iphoneos;
				SWIFT_OPTIMIZATION_LEVEL = "-Onone";
				TARGETED_DEVICE_FAMILY = "1,2";
			};
			name = Debug;
		};
		52E0864B1AB197CC00419BB2 /* Release */ = {
			isa = XCBuildConfiguration;
			buildSettings = {
				ALWAYS_SEARCH_USER_PATHS = NO;
				CLANG_CXX_LANGUAGE_STANDARD = "gnu++0x";
				CLANG_CXX_LIBRARY = "libc++";
				CLANG_ENABLE_MODULES = YES;
				CLANG_ENABLE_OBJC_ARC = YES;
				CLANG_WARN_BOOL_CONVERSION = YES;
				CLANG_WARN_CONSTANT_CONVERSION = YES;
				CLANG_WARN_DIRECT_OBJC_ISA_USAGE = YES_ERROR;
				CLANG_WARN_EMPTY_BODY = YES;
				CLANG_WARN_ENUM_CONVERSION = YES;
				CLANG_WARN_INT_CONVERSION = YES;
				CLANG_WARN_OBJC_ROOT_CLASS = YES_ERROR;
				CLANG_WARN_UNREACHABLE_CODE = YES;
				CLANG_WARN__DUPLICATE_METHOD_MATCH = YES;
				"CODE_SIGN_IDENTITY[sdk=iphoneos*]" = "iPhone Developer";
				COPY_PHASE_STRIP = NO;
				ENABLE_NS_ASSERTIONS = NO;
				ENABLE_STRICT_OBJC_MSGSEND = YES;
				GCC_C_LANGUAGE_STANDARD = gnu99;
				GCC_WARN_64_TO_32_BIT_CONVERSION = YES;
				GCC_WARN_ABOUT_RETURN_TYPE = YES_ERROR;
				GCC_WARN_UNDECLARED_SELECTOR = YES;
				GCC_WARN_UNINITIALIZED_AUTOS = YES_AGGRESSIVE;
				GCC_WARN_UNUSED_FUNCTION = YES;
				GCC_WARN_UNUSED_VARIABLE = YES;
				IPHONEOS_DEPLOYMENT_TARGET = 8.2;
				MTL_ENABLE_DEBUG_INFO = NO;
				SDKROOT = iphoneos;
				TARGETED_DEVICE_FAMILY = "1,2";
				VALIDATE_PRODUCT = YES;
			};
			name = Release;
		};
		52E0864D1AB197CC00419BB2 /* Debug */ = {
			isa = XCBuildConfiguration;
			baseConfigurationReference = 91EE125091CBAF59E389F5AE /* Pods-snschat.debug.xcconfig */;
			buildSettings = {
				ASSETCATALOG_COMPILER_APPICON_NAME = AppIcon;
				CODE_SIGN_IDENTITY = "iPhone Developer";
				INFOPLIST_FILE = snschat/Info.plist;
				IPHONEOS_DEPLOYMENT_TARGET = 8.0;
				LD_RUNPATH_SEARCH_PATHS = "$(inherited) @executable_path/Frameworks";
				PRODUCT_NAME = snschat;
			};
			name = Debug;
		};
		52E0864E1AB197CC00419BB2 /* Release */ = {
			isa = XCBuildConfiguration;
			baseConfigurationReference = 7418B6B78800AB9359E0AA68 /* Pods-snschat.release.xcconfig */;
			buildSettings = {
				ASSETCATALOG_COMPILER_APPICON_NAME = AppIcon;
				CODE_SIGN_IDENTITY = "iPhone Developer";
				INFOPLIST_FILE = snschat/Info.plist;
				IPHONEOS_DEPLOYMENT_TARGET = 8.0;
				LD_RUNPATH_SEARCH_PATHS = "$(inherited) @executable_path/Frameworks";
				PRODUCT_NAME = snschat;
			};
			name = Release;
		};
		52E086501AB197CC00419BB2 /* Debug */ = {
			isa = XCBuildConfiguration;
			buildSettings = {
				BUNDLE_LOADER = "$(TEST_HOST)";
				FRAMEWORK_SEARCH_PATHS = (
					"$(SDKROOT)/Developer/Library/Frameworks",
					"$(inherited)",
				);
				GCC_PREPROCESSOR_DEFINITIONS = (
					"DEBUG=1",
					"$(inherited)",
				);
				INFOPLIST_FILE = snschatTests/Info.plist;
				LD_RUNPATH_SEARCH_PATHS = "$(inherited) @executable_path/Frameworks @loader_path/Frameworks";
				PRODUCT_NAME = snschatTests;
				TEST_HOST = "$(BUILT_PRODUCTS_DIR)/snschat.app/snschat";
			};
			name = Debug;
		};
		52E086511AB197CC00419BB2 /* Release */ = {
			isa = XCBuildConfiguration;
			buildSettings = {
				BUNDLE_LOADER = "$(TEST_HOST)";
				FRAMEWORK_SEARCH_PATHS = (
					"$(SDKROOT)/Developer/Library/Frameworks",
					"$(inherited)",
				);
				INFOPLIST_FILE = snschatTests/Info.plist;
				LD_RUNPATH_SEARCH_PATHS = "$(inherited) @executable_path/Frameworks @loader_path/Frameworks";
				PRODUCT_NAME = snschatTests;
				TEST_HOST = "$(BUILT_PRODUCTS_DIR)/snschat.app/snschat";
			};
			name = Release;
		};
/* End XCBuildConfiguration section */

/* Begin XCConfigurationList section */
		52E086281AB197CB00419BB2 /* Build configuration list for PBXProject "snschat" */ = {
			isa = XCConfigurationList;
			buildConfigurations = (
				52E0864A1AB197CC00419BB2 /* Debug */,
				52E0864B1AB197CC00419BB2 /* Release */,
			);
			defaultConfigurationIsVisible = 0;
			defaultConfigurationName = Release;
		};
		52E0864C1AB197CC00419BB2 /* Build configuration list for PBXNativeTarget "snschat" */ = {
			isa = XCConfigurationList;
			buildConfigurations = (
				52E0864D1AB197CC00419BB2 /* Debug */,
				52E0864E1AB197CC00419BB2 /* Release */,
			);
			defaultConfigurationIsVisible = 0;
			defaultConfigurationName = Release;
		};
		52E0864F1AB197CC00419BB2 /* Build configuration list for PBXNativeTarget "snschatTests" */ = {
			isa = XCConfigurationList;
			buildConfigurations = (
				52E086501AB197CC00419BB2 /* Debug */,
				52E086511AB197CC00419BB2 /* Release */,
			);
			defaultConfigurationIsVisible = 0;
			defaultConfigurationName = Release;
		};
/* End XCConfigurationList section */
	};
	rootObject = 52E086251AB197CB00419BB2 /* Project object */;
}
